
Microsoft Visual Studio Solution File, Format Version 12.00
# Visual Studio Version 17
VisualStudioVersion = 17.11.35219.272
MinimumVisualStudioVersion = 10.0.40219.1
Project("{9A19103F-16F7-4668-BE54-9A1E7A4F7556}") = "Proyecto[Practico_03]", "Proyecto[Practico_03]\Proyecto[Practico_03].csproj", "{954110F1-24EC-4D8D-869E-CAE1E292AA68}"
EndProject
Project("{FAE04EC0-301F-11D3-BF4B-00C04F79EFBC}") = "DataDLL", "DataDLL\DataDLL.csproj", "{8B5C8545-C546-4FE8-80C1-4696525003AD}"
EndProject
Global
	GlobalSection(SolutionConfigurationPlatforms) = preSolution
		Debug|Any CPU = Debug|Any CPU
		Release|Any CPU = Release|Any CPU
	EndGlobalSection
	GlobalSection(ProjectConfigurationPlatforms) = postSolution
		{954110F1-24EC-4D8D-869E-CAE1E292AA68}.Debug|Any CPU.ActiveCfg = Debug|Any CPU
		{954110F1-24EC-4D8D-869E-CAE1E292AA68}.Debug|Any CPU.Build.0 = Debug|Any CPU
		{954110F1-24EC-4D8D-869E-CAE1E292AA68}.Release|Any CPU.ActiveCfg = Release|Any CPU
		{954110F1-24EC-4D8D-869E-CAE1E292AA68}.Release|Any CPU.Build.0 = Release|Any CPU
		{8B5C8545-C546-4FE8-80C1-4696525003AD}.Debug|Any CPU.ActiveCfg = Debug|Any CPU
		{8B5C8545-C546-4FE8-80C1-4696525003AD}.Debug|Any CPU.Build.0 = Debug|Any CPU
		{8B5C8545-C546-4FE8-80C1-4696525003AD}.Release|Any CPU.ActiveCfg = Release|Any CPU
		{8B5C8545-C546-4FE8-80C1-4696525003AD}.Release|Any CPU.Build.0 = Release|Any CPU
	EndGlobalSection
	GlobalSection(SolutionProperties) = preSolution
		HideSolutionNode = FALSE
	EndGlobalSection
	GlobalSection(ExtensibilityGlobals) = postSolution
		SolutionGuid = {6126DAA3-27DA-48F7-9561-D4E6E7995820}
	EndGlobalSection
EndGlobal
